
Microsoft Visual Studio Solution File, Format Version 9.00
# Visual Studio 2005
Project("{8BC9CEB8-8B4A-11D0-8D11-00A0C91BC942}") = "sq", "sq\sq.vcproj", "{121C01F7-EDA6-40EA-BA70-48CCFBD1A449}"
	ProjectSection(ProjectDependencies) = postProject
		{E42515D2-100D-4BF4-A726-3C1B8D18E271} = {E42515D2-100D-4BF4-A726-3C1B8D18E271}
		{E42515D2-100D-4BF4-A726-3C1B8D18E273} = {E42515D2-100D-4BF4-A726-3C1B8D18E273}
		{E42515D2-100D-4BF4-A726-3C1B8D18E272} = {E42515D2-100D-4BF4-A726-3C1B8D18E272}
	EndProjectSection
EndProject
Project("{8BC9CEB8-8B4A-11D0-8D11-00A0C91BC942}") = "sqengine", "sqengine\sqengine.vcproj", "{72434D70-4BCF-43B0-AA96-C14B987EFACC}"
	ProjectSection(ProjectDependencies) = postProject
		{E42515D2-100D-4BF4-A726-3C1B8D18E271} = {E42515D2-100D-4BF4-A726-3C1B8D18E271}
		{E42515D2-100D-4BF4-A726-3C1B8D18E273} = {E42515D2-100D-4BF4-A726-3C1B8D18E273}
		{E42515D2-100D-4BF4-A726-3C1B8D18E272} = {E42515D2-100D-4BF4-A726-3C1B8D18E272}
	EndProjectSection
EndProject
Project("{8BC9CEB8-8B4A-11D0-8D11-00A0C91BC942}") = "squirrel", "squirrel\squirrel.vcproj", "{E42515D2-100D-4BF4-A726-3C1B8D18E271}"
EndProject
Project("{8BC9CEB8-8B4A-11D0-8D11-00A0C91BC942}") = "sqstdlib", "sqstdlib\sqstdlib.vcproj", "{E42515D2-100D-4BF4-A726-3C1B8D18E272}"
	ProjectSection(ProjectDependencies) = postProject
		{E42515D2-100D-4BF4-A726-3C1B8D18E271} = {E42515D2-100D-4BF4-A726-3C1B8D18E271}
	EndProjectSection
EndProject
Project("{8BC9CEB8-8B4A-11D0-8D11-00A0C91BC942}") = "sqobject", "sqobject\sqobject.vcproj", "{E42515D2-100D-4BF4-A726-3C1B8D18E273}"
	ProjectSection(ProjectDependencies) = postProject
		{E42515D2-100D-4BF4-A726-3C1B8D18E271} = {E42515D2-100D-4BF4-A726-3C1B8D18E271}
		{E42515D2-100D-4BF4-A726-3C1B8D18E272} = {E42515D2-100D-4BF4-A726-3C1B8D18E272}
	EndProjectSection
EndProject
Global
	GlobalSection(SolutionConfigurationPlatforms) = preSolution
		Debug_MBCS|Win32 = Debug_MBCS|Win32
		Debug|Win32 = Debug|Win32
		Release_MBCS|Win32 = Release_MBCS|Win32
		Release|Win32 = Release|Win32
	EndGlobalSection
	GlobalSection(ProjectConfigurationPlatforms) = postSolution
		{121C01F7-EDA6-40EA-BA70-48CCFBD1A449}.Debug_MBCS|Win32.ActiveCfg = Debug_MBCS|Win32
		{121C01F7-EDA6-40EA-BA70-48CCFBD1A449}.Debug_MBCS|Win32.Build.0 = Debug_MBCS|Win32
		{121C01F7-EDA6-40EA-BA70-48CCFBD1A449}.Debug|Win32.ActiveCfg = Debug|Win32
		{121C01F7-EDA6-40EA-BA70-48CCFBD1A449}.Debug|Win32.Build.0 = Debug|Win32
		{121C01F7-EDA6-40EA-BA70-48CCFBD1A449}.Release_MBCS|Win32.ActiveCfg = Release_MBCS|Win32
		{121C01F7-EDA6-40EA-BA70-48CCFBD1A449}.Release_MBCS|Win32.Build.0 = Release_MBCS|Win32
		{121C01F7-EDA6-40EA-BA70-48CCFBD1A449}.Release|Win32.ActiveCfg = Release|Win32
		{121C01F7-EDA6-40EA-BA70-48CCFBD1A449}.Release|Win32.Build.0 = Release|Win32
		{72434D70-4BCF-43B0-AA96-C14B987EFACC}.Debug_MBCS|Win32.ActiveCfg = Debug_MBCS|Win32
		{72434D70-4BCF-43B0-AA96-C14B987EFACC}.Debug_MBCS|Win32.Build.0 = Debug_MBCS|Win32
		{72434D70-4BCF-43B0-AA96-C14B987EFACC}.Debug|Win32.ActiveCfg = Debug|Win32
		{72434D70-4BCF-43B0-AA96-C14B987EFACC}.Debug|Win32.Build.0 = Debug|Win32
		{72434D70-4BCF-43B0-AA96-C14B987EFACC}.Release_MBCS|Win32.ActiveCfg = Release_MBCS|Win32
		{72434D70-4BCF-43B0-AA96-C14B987EFACC}.Release_MBCS|Win32.Build.0 = Release_MBCS|Win32
		{72434D70-4BCF-43B0-AA96-C14B987EFACC}.Release|Win32.ActiveCfg = Release|Win32
		{72434D70-4BCF-43B0-AA96-C14B987EFACC}.Release|Win32.Build.0 = Release|Win32
		{E42515D2-100D-4BF4-A726-3C1B8D18E271}.Debug_MBCS|Win32.ActiveCfg = Debug_MBCS|Win32
		{E42515D2-100D-4BF4-A726-3C1B8D18E271}.Debug_MBCS|Win32.Build.0 = Debug_MBCS|Win32
		{E42515D2-100D-4BF4-A726-3C1B8D18E271}.Debug|Win32.ActiveCfg = Debug|Win32
		{E42515D2-100D-4BF4-A726-3C1B8D18E271}.Debug|Win32.Build.0 = Debug|Win32
		{E42515D2-100D-4BF4-A726-3C1B8D18E271}.Release_MBCS|Win32.ActiveCfg = Release_MBCS|Win32
		{E42515D2-100D-4BF4-A726-3C1B8D18E271}.Release_MBCS|Win32.Build.0 = Release_MBCS|Win32
		{E42515D2-100D-4BF4-A726-3C1B8D18E271}.Release|Win32.ActiveCfg = Release|Win32
		{E42515D2-100D-4BF4-A726-3C1B8D18E271}.Release|Win32.Build.0 = Release|Win32
		{E42515D2-100D-4BF4-A726-3C1B8D18E272}.Debug_MBCS|Win32.ActiveCfg = Debug_MBCS|Win32
		{E42515D2-100D-4BF4-A726-3C1B8D18E272}.Debug_MBCS|Win32.Build.0 = Debug_MBCS|Win32
		{E42515D2-100D-4BF4-A726-3C1B8D18E272}.Debug|Win32.ActiveCfg = Debug|Win32
		{E42515D2-100D-4BF4-A726-3C1B8D18E272}.Debug|Win32.Build.0 = Debug|Win32
		{E42515D2-100D-4BF4-A726-3C1B8D18E272}.Release_MBCS|Win32.ActiveCfg = Release_MBCS|Win32
		{E42515D2-100D-4BF4-A726-3C1B8D18E272}.Release_MBCS|Win32.Build.0 = Release_MBCS|Win32
		{E42515D2-100D-4BF4-A726-3C1B8D18E272}.Release|Win32.ActiveCfg = Release|Win32
		{E42515D2-100D-4BF4-A726-3C1B8D18E272}.Release|Win32.Build.0 = Release|Win32
		{E42515D2-100D-4BF4-A726-3C1B8D18E273}.Debug_MBCS|Win32.ActiveCfg = Debug_MBCS|Win32
		{E42515D2-100D-4BF4-A726-3C1B8D18E273}.Debug_MBCS|Win32.Build.0 = Debug_MBCS|Win32
		{E42515D2-100D-4BF4-A726-3C1B8D18E273}.Debug|Win32.ActiveCfg = Debug|Win32
		{E42515D2-100D-4BF4-A726-3C1B8D18E273}.Debug|Win32.Build.0 = Debug|Win32
		{E42515D2-100D-4BF4-A726-3C1B8D18E273}.Release_MBCS|Win32.ActiveCfg = Release_MBCS|Win32
		{E42515D2-100D-4BF4-A726-3C1B8D18E273}.Release_MBCS|Win32.Build.0 = Release_MBCS|Win32
		{E42515D2-100D-4BF4-A726-3C1B8D18E273}.Release|Win32.ActiveCfg = Release|Win32
		{E42515D2-100D-4BF4-A726-3C1B8D18E273}.Release|Win32.Build.0 = Release|Win32
	EndGlobalSection
	GlobalSection(SolutionProperties) = preSolution
		HideSolutionNode = FALSE
	EndGlobalSection
EndGlobal
